lockfileVersion: '6.0'

settings:
  autoInstallPeers: true
  excludeLinksFromLockfile: false

importers:

  .:
    dependencies:
      '@parcel/plugin':
        specifier: ^2.11.0
        version: 2.11.0(@parcel/core@2.11.0)
      ejs:
        specifier: ^3.1.9
        version: 3.1.9

packages:

  /@lezer/common@1.2.0:
    resolution: {integrity: sha512-Wmvlm4q6tRpwiy20TnB3yyLTZim38Tkc50dPY8biQRwqE+ati/wD84rm3N15hikvdT4uSg9phs9ubjvcLmkpKg==}
    dev: false

  /@lezer/lr@1.3.14:
    resolution: {integrity: sha512-z5mY4LStlA3yL7aHT/rqgG614cfcvklS+8oFRFBYrs4YaWLJyKKM4+nN6KopToX0o9Hj6zmH6M5kinOYuy06ug==}
    dependencies:
      '@lezer/common': 1.2.0
    dev: false

  /@lmdb/lmdb-darwin-arm64@2.8.5:
    resolution: {integrity: sha512-KPDeVScZgA1oq0CiPBcOa3kHIqU+pTOwRFDIhxvmf8CTNvqdZQYp5cCKW0bUk69VygB2PuTiINFWbY78aR2pQw==}
    cpu: [arm64]
    os: [darwin]
    requiresBuild: true
    dev: false
    optional: true

  /@lmdb/lmdb-darwin-x64@2.8.5:
    resolution: {integrity: sha512-w/sLhN4T7MW1nB3R/U8WK5BgQLz904wh+/SmA2jD8NnF7BLLoUgflCNxOeSPOWp8geP6nP/+VjWzZVip7rZ1ug==}
    cpu: [x64]
    os: [darwin]
    requiresBuild: true
    dev: false
    optional: true

  /@lmdb/lmdb-linux-arm64@2.8.5:
    resolution: {integrity: sha512-vtbZRHH5UDlL01TT5jB576Zox3+hdyogvpcbvVJlmU5PdL3c5V7cj1EODdh1CHPksRl+cws/58ugEHi8bcj4Ww==}
    cpu: [arm64]
    os: [linux]
    requiresBuild: true
    dev: false
    optional: true

  /@lmdb/lmdb-linux-arm@2.8.5:
    resolution: {integrity: sha512-c0TGMbm2M55pwTDIfkDLB6BpIsgxV4PjYck2HiOX+cy/JWiBXz32lYbarPqejKs9Flm7YVAKSILUducU9g2RVg==}
    cpu: [arm]
    os: [linux]
    requiresBuild: true
    dev: false
    optional: true

  /@lmdb/lmdb-linux-x64@2.8.5:
    resolution: {integrity: sha512-Xkc8IUx9aEhP0zvgeKy7IQ3ReX2N8N1L0WPcQwnZweWmOuKfwpS3GRIYqLtK5za/w3E60zhFfNdS+3pBZPytqQ==}
    cpu: [x64]
    os: [linux]
    requiresBuild: true
    dev: false
    optional: true

  /@lmdb/lmdb-win32-x64@2.8.5:
    resolution: {integrity: sha512-4wvrf5BgnR8RpogHhtpCPJMKBmvyZPhhUtEwMJbXh0ni2BucpfF07jlmyM11zRqQ2XIq6PbC2j7W7UCCcm1rRQ==}
    cpu: [x64]
    os: [win32]
    requiresBuild: true
    dev: false
    optional: true

  /@mischnic/json-sourcemap@0.1.1:
    resolution: {integrity: sha512-iA7+tyVqfrATAIsIRWQG+a7ZLLD0VaOCKV2Wd/v4mqIU3J9c4jx9p7S0nw1XH3gJCKNBOOwACOPYYSUu9pgT+w==}
    engines: {node: '>=12.0.0'}
    dependencies:
      '@lezer/common': 1.2.0
      '@lezer/lr': 1.3.14
      json5: 2.2.3
    dev: false

  /@msgpackr-extract/msgpackr-extract-darwin-arm64@3.0.2:
    resolution: {integrity: sha512-9bfjwDxIDWmmOKusUcqdS4Rw+SETlp9Dy39Xui9BEGEk19dDwH0jhipwFzEff/pFg95NKymc6TOTbRKcWeRqyQ==}
    cpu: [arm64]
    os: [darwin]
    requiresBuild: true
    dev: false
    optional: true

  /@msgpackr-extract/msgpackr-extract-darwin-x64@3.0.2:
    resolution: {integrity: sha512-lwriRAHm1Yg4iDf23Oxm9n/t5Zpw1lVnxYU3HnJPTi2lJRkKTrps1KVgvL6m7WvmhYVt/FIsssWay+k45QHeuw==}
    cpu: [x64]
    os: [darwin]
    requiresBuild: true
    dev: false
    optional: true

  /@msgpackr-extract/msgpackr-extract-linux-arm64@3.0.2:
    resolution: {integrity: sha512-FU20Bo66/f7He9Fp9sP2zaJ1Q8L9uLPZQDub/WlUip78JlPeMbVL8546HbZfcW9LNciEXc8d+tThSJjSC+tmsg==}
    cpu: [arm64]
    os: [linux]
    requiresBuild: true
    dev: false
    optional: true

  /@msgpackr-extract/msgpackr-extract-linux-arm@3.0.2:
    resolution: {integrity: sha512-MOI9Dlfrpi2Cuc7i5dXdxPbFIgbDBGgKR5F2yWEa6FVEtSWncfVNKW5AKjImAQ6CZlBK9tympdsZJ2xThBiWWA==}
    cpu: [arm]
    os: [linux]
    requiresBuild: true
    dev: false
    optional: true

  /@msgpackr-extract/msgpackr-extract-linux-x64@3.0.2:
    resolution: {integrity: sha512-gsWNDCklNy7Ajk0vBBf9jEx04RUxuDQfBse918Ww+Qb9HCPoGzS+XJTLe96iN3BVK7grnLiYghP/M4L8VsaHeA==}
    cpu: [x64]
    os: [linux]
    requiresBuild: true
    dev: false
    optional: true

  /@msgpackr-extract/msgpackr-extract-win32-x64@3.0.2:
    resolution: {integrity: sha512-O+6Gs8UeDbyFpbSh2CPEz/UOrrdWPTBYNblZK5CxxLisYt4kGX3Sc+czffFonyjiGSq3jWLwJS/CCJc7tBr4sQ==}
    cpu: [x64]
    os: [win32]
    requiresBuild: true
    dev: false
    optional: true

  /@parcel/cache@2.11.0(@parcel/core@2.11.0):
    resolution: {integrity: sha512-RSSkGNjO00lJPyftzaC9eaNVs4jMjPSAm0VJNWQ9JSm2n4A9BzQtTFAt1vhJOzzW1UsQvvBge9DdfkB7a2gIOw==}
    engines: {node: '>= 12.0.0'}
    peerDependencies:
      '@parcel/core': ^2.11.0
    dependencies:
      '@parcel/core': 2.11.0
      '@parcel/fs': 2.11.0(@parcel/core@2.11.0)
      '@parcel/logger': 2.11.0
      '@parcel/utils': 2.11.0
      lmdb: 2.8.5
    dev: false

  /@parcel/codeframe@2.11.0:
    resolution: {integrity: sha512-YHs9g/i5af/sd/JrWAojU9YFbKffcJ3Tx2EJaK0ME8OJsye91UaI/3lxSUYLmJG9e4WLNJtqci8V5FBMz//ZPg==}
    engines: {node: '>= 12.0.0'}
    dependencies:
      chalk: 4.1.2
    dev: false

  /@parcel/core@2.11.0:
    resolution: {integrity: sha512-Npe0S6hVaqWEwRL+HI7gtOYOaoE5bJQZTgUDhsDoppWbau51jOlRYOZTXuvRK/jxXnze4/S1sdM24xBYAQ5qkw==}
    engines: {node: '>= 12.0.0'}
    dependencies:
      '@mischnic/json-sourcemap': 0.1.1
      '@parcel/cache': 2.11.0(@parcel/core@2.11.0)
      '@parcel/diagnostic': 2.11.0
      '@parcel/events': 2.11.0
      '@parcel/fs': 2.11.0(@parcel/core@2.11.0)
      '@parcel/graph': 3.1.0
      '@parcel/logger': 2.11.0
      '@parcel/package-manager': 2.11.0(@parcel/core@2.11.0)
      '@parcel/plugin': 2.11.0(@parcel/core@2.11.0)
      '@parcel/profiler': 2.11.0
      '@parcel/rust': 2.11.0
      '@parcel/source-map': 2.1.1
      '@parcel/types': 2.11.0(@parcel/core@2.11.0)
      '@parcel/utils': 2.11.0
      '@parcel/workers': 2.11.0(@parcel/core@2.11.0)
      abortcontroller-polyfill: 1.7.5
      base-x: 3.0.9
      browserslist: 4.22.2
      clone: 2.1.2
      dotenv: 7.0.0
      dotenv-expand: 5.1.0
      json5: 2.2.3
      msgpackr: 1.10.1
      nullthrows: 1.1.1
      semver: 7.5.4
    dev: false

  /@parcel/diagnostic@2.11.0:
    resolution: {integrity: sha512-4dJmOXVL5YGGQRRsQosQbSRONBcboB71mSwaeaEgz3pPdq9QXVPLACkGe/jTXSqa3OnAHu3g5vQLpE1g5xqBqw==}
    engines: {node: '>= 12.0.0'}
    dependencies:
      '@mischnic/json-sourcemap': 0.1.1
      nullthrows: 1.1.1
    dev: false

  /@parcel/events@2.11.0:
    resolution: {integrity: sha512-K6SOjOrQsz1GdNl2qKBktq7KJ3Q3yxK8WXdmQYo10wG39dr051xtMb38aqieTp4eVhL8Yaq2iJgGkdr11fuBnA==}
    engines: {node: '>= 12.0.0'}
    dev: false

  /@parcel/fs@2.11.0(@parcel/core@2.11.0):
    resolution: {integrity: sha512-zWckdnnovdrgdFX4QYuQV4bbKCsh6IYCkmwaB4yp47rhw1MP0lkBINLt4yFPHBxWXOpElCfxjL+z69c9xJQRBQ==}
    engines: {node: '>= 12.0.0'}
    peerDependencies:
      '@parcel/core': ^2.11.0
    dependencies:
      '@parcel/core': 2.11.0
      '@parcel/rust': 2.11.0
      '@parcel/types': 2.11.0(@parcel/core@2.11.0)
      '@parcel/utils': 2.11.0
      '@parcel/watcher': 2.3.0
      '@parcel/workers': 2.11.0(@parcel/core@2.11.0)
    dev: false

  /@parcel/graph@3.1.0:
    resolution: {integrity: sha512-d1dTW5C7A52HgDtoXlyvlET1ypSlmIxSIZOJ1xp3R9L9hgo3h1u3jHNyaoTe/WPkGVe2QnFxh0h+UibVJhu9vg==}
    engines: {node: '>= 12.0.0'}
    dependencies:
      nullthrows: 1.1.1
    dev: false

  /@parcel/logger@2.11.0:
    resolution: {integrity: sha512-HtMEdCq3LKnvv4T2CIskcqlf2gpBvHMm3pkeUFB/hc/7hW/hE1k6/HA2VOQvc0tBsaMpmEx7PCrfrH56usQSyA==}
    engines: {node: '>= 12.0.0'}
    dependencies:
      '@parcel/diagnostic': 2.11.0
      '@parcel/events': 2.11.0
    dev: false

  /@parcel/markdown-ansi@2.11.0:
    resolution: {integrity: sha512-YA60EWbXi6cLOIzcwRC2wijotPauOGQbUi0vSbu0O6/mjQ68kWCMGz0hwZjDRQcPypQVJEIvTgMymLbvumxwhg==}
    engines: {node: '>= 12.0.0'}
    dependencies:
      chalk: 4.1.2
    dev: false

  /@parcel/node-resolver-core@3.2.0(@parcel/core@2.11.0):
    resolution: {integrity: sha512-XJRSxCkNbGFWjfmwFdcQZ/qlzWZd35qLtvLz2va8euGL7M5OMEQOv7dsvEhl0R+CC2zcnfFzZwxk78q6ezs8AQ==}
    engines: {node: '>= 12.0.0'}
    dependencies:
      '@mischnic/json-sourcemap': 0.1.1
      '@parcel/diagnostic': 2.11.0
      '@parcel/fs': 2.11.0(@parcel/core@2.11.0)
      '@parcel/rust': 2.11.0
      '@parcel/utils': 2.11.0
      nullthrows: 1.1.1
      semver: 7.5.4
    transitivePeerDependencies:
      - '@parcel/core'
    dev: false

  /@parcel/package-manager@2.11.0(@parcel/core@2.11.0):
    resolution: {integrity: sha512-QzdsrUYlAwIzb8by7WJjqYnbR1MoMKWbtE1MXUeYsZbFusV8B6pOH+lwqNJKS/BFtddZMRPYFueZS2N2fwzjig==}
    engines: {node: '>= 12.0.0'}
    peerDependencies:
      '@parcel/core': ^2.11.0
    dependencies:
      '@parcel/core': 2.11.0
      '@parcel/diagnostic': 2.11.0
      '@parcel/fs': 2.11.0(@parcel/core@2.11.0)
      '@parcel/logger': 2.11.0
      '@parcel/node-resolver-core': 3.2.0(@parcel/core@2.11.0)
      '@parcel/types': 2.11.0(@parcel/core@2.11.0)
      '@parcel/utils': 2.11.0
      '@parcel/workers': 2.11.0(@parcel/core@2.11.0)
      semver: 7.5.4
    dev: false

  /@parcel/plugin@2.11.0(@parcel/core@2.11.0):
    resolution: {integrity: sha512-9npuKBlhnPn7oeUpLJGecceg16GkXbvzbr6MNSZiHhkx3IBeITHQXlZnp2zAjUOFreNsYOfifwEF2S4KsARfBQ==}
    engines: {node: '>= 12.0.0'}
    dependencies:
      '@parcel/types': 2.11.0(@parcel/core@2.11.0)
    transitivePeerDependencies:
      - '@parcel/core'
    dev: false

  /@parcel/profiler@2.11.0:
    resolution: {integrity: sha512-s10SS09prOdwnaAcjK8M5zO8o+zPJJW5oOqXPNdf6KH4NGD/ue7iOk2xM8QLw6ulSwxE7NDt++lyfW3AXgCZwg==}
    engines: {node: '>= 12.0.0'}
    dependencies:
      '@parcel/diagnostic': 2.11.0
      '@parcel/events': 2.11.0
      chrome-trace-event: 1.0.3
    dev: false

  /@parcel/rust@2.11.0:
    resolution: {integrity: sha512-UkLWdHOD8Md2YmJDPsqd3yIs9chhdl/ATfV/B/xdPKGmqtNouYpDCRlq+WxMt3mLoYgHEg9UwrWLTebo2rr2iQ==}
    engines: {node: '>= 12.0.0'}
    dev: false

  /@parcel/source-map@2.1.1:
    resolution: {integrity: sha512-Ejx1P/mj+kMjQb8/y5XxDUn4reGdr+WyKYloBljpppUy8gs42T+BNoEOuRYqDVdgPc6NxduzIDoJS9pOFfV5Ew==}
    engines: {node: ^12.18.3 || >=14}
    dependencies:
      detect-libc: 1.0.3
    dev: false

  /@parcel/types@2.11.0(@parcel/core@2.11.0):
    resolution: {integrity: sha512-lN5XlfV9b1s2rli8q1LqsLtu+D4ZwNI3sKmNcL/3tohSfQcF2EgF+MaiANGo9VzXOzoWFHt4dqWjO4OcdyC5tg==}
    dependencies:
      '@parcel/cache': 2.11.0(@parcel/core@2.11.0)
      '@parcel/diagnostic': 2.11.0
      '@parcel/fs': 2.11.0(@parcel/core@2.11.0)
      '@parcel/package-manager': 2.11.0(@parcel/core@2.11.0)
      '@parcel/source-map': 2.1.1
      '@parcel/workers': 2.11.0(@parcel/core@2.11.0)
      utility-types: 3.10.0
    transitivePeerDependencies:
      - '@parcel/core'
    dev: false

  /@parcel/utils@2.11.0:
    resolution: {integrity: sha512-AcL70cXlIyE7eQdvjQbYxegN5l+skqvlJllxTWg4YkIZe9p8Gmv74jLAeLWh5F+IGl5WRn0TSy9JhNJjIMQGwQ==}
    engines: {node: '>= 12.0.0'}
    dependencies:
      '@parcel/codeframe': 2.11.0
      '@parcel/diagnostic': 2.11.0
      '@parcel/logger': 2.11.0
      '@parcel/markdown-ansi': 2.11.0
      '@parcel/rust': 2.11.0
      '@parcel/source-map': 2.1.1
      chalk: 4.1.2
      nullthrows: 1.1.1
    dev: false

  /@parcel/watcher-android-arm64@2.3.0:
    resolution: {integrity: sha512-f4o9eA3dgk0XRT3XhB0UWpWpLnKgrh1IwNJKJ7UJek7eTYccQ8LR7XUWFKqw6aEq5KUNlCcGvSzKqSX/vtWVVA==}
    engines: {node: '>= 10.0.0'}
    cpu: [arm64]
    os: [android]
    requiresBuild: true
    dev: false
    optional: true

  /@parcel/watcher-darwin-arm64@2.3.0:
    resolution: {integrity: sha512-mKY+oijI4ahBMc/GygVGvEdOq0L4DxhYgwQqYAz/7yPzuGi79oXrZG52WdpGA1wLBPrYb0T8uBaGFo7I6rvSKw==}
    engines: {node: '>= 10.0.0'}
    cpu: [arm64]
    os: [darwin]
    requiresBuild: true
    dev: false
    optional: true

  /@parcel/watcher-darwin-x64@2.3.0:
    resolution: {integrity: sha512-20oBj8LcEOnLE3mgpy6zuOq8AplPu9NcSSSfyVKgfOhNAc4eF4ob3ldj0xWjGGbOF7Dcy1Tvm6ytvgdjlfUeow==}
    engines: {node: '>= 10.0.0'}
    cpu: [x64]
    os: [darwin]
    requiresBuild: true
    dev: false
    optional: true

  /@parcel/watcher-freebsd-x64@2.3.0:
    resolution: {integrity: sha512-7LftKlaHunueAEiojhCn+Ef2CTXWsLgTl4hq0pkhkTBFI3ssj2bJXmH2L67mKpiAD5dz66JYk4zS66qzdnIOgw==}
    engines: {node: '>= 10.0.0'}
    cpu: [x64]
    os: [freebsd]
    requiresBuild: true
    dev: false
    optional: true

  /@parcel/watcher-linux-arm-glibc@2.3.0:
    resolution: {integrity: sha512-1apPw5cD2xBv1XIHPUlq0cO6iAaEUQ3BcY0ysSyD9Kuyw4MoWm1DV+W9mneWI+1g6OeP6dhikiFE6BlU+AToTQ==}
    engines: {node: '>= 10.0.0'}
    cpu: [arm]
    os: [linux]
    requiresBuild: true
    dev: false
    optional: true

  /@parcel/watcher-linux-arm64-glibc@2.3.0:
    resolution: {integrity: sha512-mQ0gBSQEiq1k/MMkgcSB0Ic47UORZBmWoAWlMrTW6nbAGoLZP+h7AtUM7H3oDu34TBFFvjy4JCGP43JlylkTQA==}
    engines: {node: '>= 10.0.0'}
    cpu: [arm64]
    os: [linux]
    requiresBuild: true
    dev: false
    optional: true

  /@parcel/watcher-linux-arm64-musl@2.3.0:
    resolution: {integrity: sha512-LXZAExpepJew0Gp8ZkJ+xDZaTQjLHv48h0p0Vw2VMFQ8A+RKrAvpFuPVCVwKJCr5SE+zvaG+Etg56qXvTDIedw==}
    engines: {node: '>= 10.0.0'}
    cpu: [arm64]
    os: [linux]
    requiresBuild: true
    dev: false
    optional: true

  /@parcel/watcher-linux-x64-glibc@2.3.0:
    resolution: {integrity: sha512-P7Wo91lKSeSgMTtG7CnBS6WrA5otr1K7shhSjKHNePVmfBHDoAOHYRXgUmhiNfbcGk0uMCHVcdbfxtuiZCHVow==}
    engines: {node: '>= 10.0.0'}
    cpu: [x64]
    os: [linux]
    requiresBuild: true
    dev: false
    optional: true

  /@parcel/watcher-linux-x64-musl@2.3.0:
    resolution: {integrity: sha512-+kiRE1JIq8QdxzwoYY+wzBs9YbJ34guBweTK8nlzLKimn5EQ2b2FSC+tAOpq302BuIMjyuUGvBiUhEcLIGMQ5g==}
    engines: {node: '>= 10.0.0'}
    cpu: [x64]
    os: [linux]
    requiresBuild: true
    dev: false
    optional: true

  /@parcel/watcher-win32-arm64@2.3.0:
    resolution: {integrity: sha512-35gXCnaz1AqIXpG42evcoP2+sNL62gZTMZne3IackM+6QlfMcJLy3DrjuL6Iks7Czpd3j4xRBzez3ADCj1l7Aw==}
    engines: {node: '>= 10.0.0'}
    cpu: [arm64]
    os: [win32]
    requiresBuild: true
    dev: false
    optional: true

  /@parcel/watcher-win32-ia32@2.3.0:
    resolution: {integrity: sha512-FJS/IBQHhRpZ6PiCjFt1UAcPr0YmCLHRbTc00IBTrelEjlmmgIVLeOx4MSXzx2HFEy5Jo5YdhGpxCuqCyDJ5ow==}
    engines: {node: '>= 10.0.0'}
    cpu: [ia32]
    os: [win32]
    requiresBuild: true
    dev: false
    optional: true

  /@parcel/watcher-win32-x64@2.3.0:
    resolution: {integrity: sha512-dLx+0XRdMnVI62kU3wbXvbIRhLck4aE28bIGKbRGS7BJNt54IIj9+c/Dkqb+7DJEbHUZAX1bwaoM8PqVlHJmCA==}
    engines: {node: '>= 10.0.0'}
    cpu: [x64]
    os: [win32]
    requiresBuild: true
    dev: false
    optional: true

  /@parcel/watcher@2.3.0:
    resolution: {integrity: sha512-pW7QaFiL11O0BphO+bq3MgqeX/INAk9jgBldVDYjlQPO4VddoZnF22TcF9onMhnLVHuNqBJeRf+Fj7eezi/+rQ==}
    engines: {node: '>= 10.0.0'}
    dependencies:
      detect-libc: 1.0.3
      is-glob: 4.0.3
      micromatch: 4.0.5
      node-addon-api: 7.0.0
    optionalDependencies:
      '@parcel/watcher-android-arm64': 2.3.0
      '@parcel/watcher-darwin-arm64': 2.3.0
      '@parcel/watcher-darwin-x64': 2.3.0
      '@parcel/watcher-freebsd-x64': 2.3.0
      '@parcel/watcher-linux-arm-glibc': 2.3.0
      '@parcel/watcher-linux-arm64-glibc': 2.3.0
      '@parcel/watcher-linux-arm64-musl': 2.3.0
      '@parcel/watcher-linux-x64-glibc': 2.3.0
      '@parcel/watcher-linux-x64-musl': 2.3.0
      '@parcel/watcher-win32-arm64': 2.3.0
      '@parcel/watcher-win32-ia32': 2.3.0
      '@parcel/watcher-win32-x64': 2.3.0
    dev: false

  /@parcel/workers@2.11.0(@parcel/core@2.11.0):
    resolution: {integrity: sha512-wjybqdSy6Nk0N9iBGsFcp7739W2zvx0WGfVxPVShqhz46pIkPOiFF/iSn+kFu5EmMKTRWeUif42+a6rRZ7pCnQ==}
    engines: {node: '>= 12.0.0'}
    peerDependencies:
      '@parcel/core': ^2.11.0
    dependencies:
      '@parcel/core': 2.11.0
      '@parcel/diagnostic': 2.11.0
      '@parcel/logger': 2.11.0
      '@parcel/profiler': 2.11.0
      '@parcel/types': 2.11.0(@parcel/core@2.11.0)
      '@parcel/utils': 2.11.0
      nullthrows: 1.1.1
    dev: false

  /abortcontroller-polyfill@1.7.5:
    resolution: {integrity: sha512-JMJ5soJWP18htbbxJjG7bG6yuI6pRhgJ0scHHTfkUjf6wjP912xZWvM+A4sJK3gqd9E8fcPbDnOefbA9Th/FIQ==}
    dev: false

  /ansi-styles@4.3.0:
    resolution: {integrity: sha512-zbB9rCJAT1rbjiVDb2hqKFHNYLxgtk8NURxZ3IZwD3F6NtxbXZQCnnSi1Lkx+IDohdPlFp222wVALIheZJQSEg==}
    engines: {node: '>=8'}
    dependencies:
      color-convert: 2.0.1
    dev: false

  /async@3.2.5:
    resolution: {integrity: sha512-baNZyqaaLhyLVKm/DlvdW051MSgO6b8eVfIezl9E5PqWxFgzLm/wQntEW4zOytVburDEr0JlALEpdOFwvErLsg==}
    dev: false

  /balanced-match@1.0.2:
    resolution: {integrity: sha512-3oSeUO0TMV67hN1AmbXsK4yaqU7tjiHlbxRDZOpH0KW9+CeX4bRAaX0Anxt0tx2MrpRpWwQaPwIlISEJhYU5Pw==}
    dev: false

  /base-x@3.0.9:
    resolution: {integrity: sha512-H7JU6iBHTal1gp56aKoaa//YUxEaAOUiydvrV/pILqIHXTtqxSkATOnDA2u+jZ/61sD+L/412+7kzXRtWukhpQ==}
    dependencies:
      safe-buffer: 5.2.1
    dev: false

  /brace-expansion@1.1.11:
    resolution: {integrity: sha512-iCuPHDFgrHX7H2vEI/5xpz07zSHB00TpugqhmYtVmMO6518mCuRMoOYFldEBl0g187ufozdaHgWKcYFb61qGiA==}
    dependencies:
      balanced-match: 1.0.2
      concat-map: 0.0.1
    dev: false

  /brace-expansion@2.0.1:
    resolution: {integrity: sha512-XnAIvQ8eM+kC6aULx6wuQiwVsnzsi9d3WxzV3FpWTGA19F621kwdbsAcFKXgKUHZWsy+mY6iL1sHTxWEFCytDA==}
    dependencies:
      balanced-match: 1.0.2
    dev: false

  /braces@3.0.2:
    resolution: {integrity: sha512-b8um+L1RzM3WDSzvhm6gIz1yfTbBt6YTlcEKAvsmqCZZFw46z626lVj9j1yEPW33H5H+lBQpZMP1k8l+78Ha0A==}
    engines: {node: '>=8'}
    dependencies:
      fill-range: 7.0.1
    dev: false

  /browserslist@4.22.2:
    resolution: {integrity: sha512-0UgcrvQmBDvZHFGdYUehrCNIazki7/lUP3kkoi/r3YB2amZbFM9J43ZRkJTXBUZK4gmx56+Sqk9+Vs9mwZx9+A==}
    engines: {node: ^6 || ^7 || ^8 || ^9 || ^10 || ^11 || ^12 || >=13.7}
    hasBin: true
    dependencies:
      caniuse-lite: 1.0.30001574
      electron-to-chromium: 1.4.622
      node-releases: 2.0.14
      update-browserslist-db: 1.0.13(browserslist@4.22.2)
    dev: false

  /caniuse-lite@1.0.30001574:
    resolution: {integrity: sha512-BtYEK4r/iHt/txm81KBudCUcTy7t+s9emrIaHqjYurQ10x71zJ5VQ9x1dYPcz/b+pKSp4y/v1xSI67A+LzpNyg==}
    dev: false

  /chalk@4.1.2:
    resolution: {integrity: sha512-oKnbhFyRIXpUuez8iBMmyEa4nbj4IOQyuhc/wy9kY7/WVPcwIO9VA668Pu8RkO7+0G76SLROeyw9CpQ061i4mA==}
    engines: {node: '>=10'}
    dependencies:
      ansi-styles: 4.3.0
      supports-color: 7.2.0
    dev: false

  /chrome-trace-event@1.0.3:
    resolution: {integrity: sha512-p3KULyQg4S7NIHixdwbGX+nFHkoBiA4YQmyWtjb8XngSKV124nJmRysgAeujbUVb15vh+RvFUfCPqU7rXk+hZg==}
    engines: {node: '>=6.0'}
    dev: false

  /clone@2.1.2:
    resolution: {integrity: sha512-3Pe/CF1Nn94hyhIYpjtiLhdCoEoz0DqQ+988E9gmeEdQZlojxnOb74wctFyuwWQHzqyf9X7C7MG8juUpqBJT8w==}
    engines: {node: '>=0.8'}
    dev: false

  /color-convert@2.0.1:
    resolution: {integrity: sha512-RRECPsj7iu/xb5oKYcsFHSppFNnsj/52OVTRKb4zP5onXwVF3zVmmToNcOfGC+CRDpfK/U584fMg38ZHCaElKQ==}
    engines: {node: '>=7.0.0'}
    dependencies:
      color-name: 1.1.4
    dev: false

  /color-name@1.1.4:
    resolution: {integrity: sha512-dOy+3AuW3a2wNbZHIuMZpTcgjGuLU/uBL/ubcZF9OXbDo8ff4O8yVp5Bf0efS8uEoYo5q4Fx7dY9OgQGXgAsQA==}
    dev: false

  /concat-map@0.0.1:
    resolution: {integrity: sha512-/Srv4dswyQNBfohGpz9o6Yb3Gz3SrUDqBH5rTuhGR7ahtlbYKnVxw2bCFMRljaA7EXHaXZ8wsHdodFvbkhKmqg==}
    dev: false

  /detect-libc@1.0.3:
    resolution: {integrity: sha512-pGjwhsmsp4kL2RTz08wcOlGN83otlqHeD/Z5T8GXZB+/YcpQ/dgo+lbU8ZsGxV0HIvqqxo9l7mqYwyYMD9bKDg==}
    engines: {node: '>=0.10'}
    hasBin: true
    dev: false

  /detect-libc@2.0.2:
    resolution: {integrity: sha512-UX6sGumvvqSaXgdKGUsgZWqcUyIXZ/vZTrlRT/iobiKhGL0zL4d3osHj3uqllWJK+i+sixDS/3COVEOFbupFyw==}
    engines: {node: '>=8'}
    dev: false

  /dotenv-expand@5.1.0:
    resolution: {integrity: sha512-YXQl1DSa4/PQyRfgrv6aoNjhasp/p4qs9FjJ4q4cQk+8m4r6k4ZSiEyytKG8f8W9gi8WsQtIObNmKd+tMzNTmA==}
    dev: false

  /dotenv@7.0.0:
    resolution: {integrity: sha512-M3NhsLbV1i6HuGzBUH8vXrtxOk+tWmzWKDMbAVSUp3Zsjm7ywFeuwrUXhmhQyRK1q5B5GGy7hcXPbj3bnfZg2g==}
    engines: {node: '>=6'}
    dev: false

  /ejs@3.1.9:
    resolution: {integrity: sha512-rC+QVNMJWv+MtPgkt0y+0rVEIdbtxVADApW9JXrUVlzHetgcyczP/E7DJmWJ4fJCZF2cPcBk0laWO9ZHMG3DmQ==}
    engines: {node: '>=0.10.0'}
    hasBin: true
    dependencies:
      jake: 10.8.7
    dev: false

  /electron-to-chromium@1.4.622:
    resolution: {integrity: sha512-GZ47DEy0Gm2Z8RVG092CkFvX7SdotG57c4YZOe8W8qD4rOmk3plgeNmiLVRHP/Liqj1wRiY3uUUod9vb9hnxZA==}
    dev: false

  /escalade@3.1.1:
    resolution: {integrity: sha512-k0er2gUkLf8O0zKJiAhmkTnJlTvINGv7ygDNPbeIsX/TJjGJZHuh9B2UxbsaEkmlEo9MfhrSzmhIlhRlI2GXnw==}
    engines: {node: '>=6'}
    dev: false

  /filelist@1.0.4:
    resolution: {integrity: sha512-w1cEuf3S+DrLCQL7ET6kz+gmlJdbq9J7yXCSjK/OZCPA+qEN1WyF4ZAf0YYJa4/shHJra2t/d/r8SV4Ji+x+8Q==}
    dependencies:
      minimatch: 5.1.6
    dev: false

  /fill-range@7.0.1:
    resolution: {integrity: sha512-qOo9F+dMUmC2Lcb4BbVvnKJxTPjCm+RRpe4gDuGrzkL7mEVl/djYSu2OdQ2Pa302N4oqkSg9ir6jaLWJ2USVpQ==}
    engines: {node: '>=8'}
    dependencies:
      to-regex-range: 5.0.1
    dev: false

  /has-flag@4.0.0:
    resolution: {integrity: sha512-EykJT/Q1KjTWctppgIAgfSO0tKVuZUjhgMr17kqTumMl6Afv3EISleU7qZUzoXDFTAHTDC4NOoG/ZxU3EvlMPQ==}
    engines: {node: '>=8'}
    dev: false

  /is-extglob@2.1.1:
    resolution: {integrity: sha512-SbKbANkN603Vi4jEZv49LeVJMn4yGwsbzZworEoyEiutsN3nJYdbO36zfhGJ6QEDpOZIFkDtnq5JRxmvl3jsoQ==}
    engines: {node: '>=0.10.0'}
    dev: false

  /is-glob@4.0.3:
    resolution: {integrity: sha512-xelSayHH36ZgE7ZWhli7pW34hNbNl8Ojv5KVmkJD4hBdD3th8Tfk9vYasLM+mXWOZhFkgZfxhLSnrwRr4elSSg==}
    engines: {node: '>=0.10.0'}
    dependencies:
      is-extglob: 2.1.1
    dev: false

  /is-number@7.0.0:
    resolution: {integrity: sha512-41Cifkg6e8TylSpdtTpeLVMqvSBEVzTttHvERD741+pnZ8ANv0004MRL43QKPDlK9cGvNp6NZWZUBlbGXYxxng==}
    engines: {node: '>=0.12.0'}
    dev: false

  /jake@10.8.7:
    resolution: {integrity: sha512-ZDi3aP+fG/LchyBzUM804VjddnwfSfsdeYkwt8NcbKRvo4rFkjhs456iLFn3k2ZUWvNe4i48WACDbza8fhq2+w==}
    engines: {node: '>=10'}
    hasBin: true
    dependencies:
      async: 3.2.5
      chalk: 4.1.2
      filelist: 1.0.4
      minimatch: 3.1.2
    dev: false

  /json5@2.2.3:
    resolution: {integrity: sha512-XmOWe7eyHYH14cLdVPoyg+GOH3rYX++KpzrylJwSW98t3Nk+U8XOl8FWKOgwtzdb8lXGf6zYwDUzeHMWfxasyg==}
    engines: {node: '>=6'}
    hasBin: true
    dev: false

  /lmdb@2.8.5:
    resolution: {integrity: sha512-9bMdFfc80S+vSldBmG3HOuLVHnxRdNTlpzR6QDnzqCQtCzGUEAGTzBKYMeIM+I/sU4oZfgbcbS7X7F65/z/oxQ==}
    hasBin: true
    requiresBuild: true
    dependencies:
      msgpackr: 1.10.1
      node-addon-api: 6.1.0
      node-gyp-build-optional-packages: 5.1.1
      ordered-binary: 1.5.1
      weak-lru-cache: 1.2.2
    optionalDependencies:
      '@lmdb/lmdb-darwin-arm64': 2.8.5
      '@lmdb/lmdb-darwin-x64': 2.8.5
      '@lmdb/lmdb-linux-arm': 2.8.5
      '@lmdb/lmdb-linux-arm64': 2.8.5
      '@lmdb/lmdb-linux-x64': 2.8.5
      '@lmdb/lmdb-win32-x64': 2.8.5
    dev: false

  /lru-cache@6.0.0:
    resolution: {integrity: sha512-Jo6dJ04CmSjuznwJSS3pUeWmd/H0ffTlkXXgwZi+eq1UCmqQwCh+eLsYOYCwY991i2Fah4h1BEMCx4qThGbsiA==}
    engines: {node: '>=10'}
    dependencies:
      yallist: 4.0.0
    dev: false

  /micromatch@4.0.5:
    resolution: {integrity: sha512-DMy+ERcEW2q8Z2Po+WNXuw3c5YaUSFjAO5GsJqfEl7UjvtIuFKO6ZrKvcItdy98dwFI2N1tg3zNIdKaQT+aNdA==}
    engines: {node: '>=8.6'}
    dependencies:
      braces: 3.0.2
      picomatch: 2.3.1
    dev: false

  /minimatch@3.1.2:
    resolution: {integrity: sha512-J7p63hRiAjw1NDEww1W7i37+ByIrOWO5XQQAzZ3VOcL0PNybwpfmV/N05zFAzwQ9USyEcX6t3UO+K5aqBQOIHw==}
    dependencies:
      brace-expansion: 1.1.11
    dev: false

  /minimatch@5.1.6:
    resolution: {integrity: sha512-lKwV/1brpG6mBUFHtb7NUmtABCb2WZZmm2wNiOA5hAb8VdCS4B3dtMWyvcoViccwAW/COERjXLt0zP1zXUN26g==}
    engines: {node: '>=10'}
    dependencies:
      brace-expansion: 2.0.1
    dev: false

  /msgpackr-extract@3.0.2:
    resolution: {integrity: sha512-SdzXp4kD/Qf8agZ9+iTu6eql0m3kWm1A2y1hkpTeVNENutaB0BwHlSvAIaMxwntmRUAUjon2V4L8Z/njd0Ct8A==}
    hasBin: true
    requiresBuild: true
    dependencies:
      node-gyp-build-optional-packages: 5.0.7
    optionalDependencies:
      '@msgpackr-extract/msgpackr-extract-darwin-arm64': 3.0.2
      '@msgpackr-extract/msgpackr-extract-darwin-x64': 3.0.2
      '@msgpackr-extract/msgpackr-extract-linux-arm': 3.0.2
      '@msgpackr-extract/msgpackr-extract-linux-arm64': 3.0.2
      '@msgpackr-extract/msgpackr-extract-linux-x64': 3.0.2
      '@msgpackr-extract/msgpackr-extract-win32-x64': 3.0.2
    dev: false
    optional: true

  /msgpackr@1.10.1:
    resolution: {integrity: sha512-r5VRLv9qouXuLiIBrLpl2d5ZvPt8svdQTl5/vMvE4nzDMyEX4sgW5yWhuBBj5UmgwOTWj8CIdSXn5sAfsHAWIQ==}
    optionalDependencies:
      msgpackr-extract: 3.0.2
    dev: false

  /node-addon-api@6.1.0:
    resolution: {integrity: sha512-+eawOlIgy680F0kBzPUNFhMZGtJ1YmqM6l4+Crf4IkImjYrO/mqPwRMh352g23uIaQKFItcQ64I7KMaJxHgAVA==}
    dev: false

  /node-addon-api@7.0.0:
    resolution: {integrity: sha512-vgbBJTS4m5/KkE16t5Ly0WW9hz46swAstv0hYYwMtbG7AznRhNyfLRe8HZAiWIpcHzoO7HxhLuBQj9rJ/Ho0ZA==}
    dev: false

  /node-gyp-build-optional-packages@5.0.7:
    resolution: {integrity: sha512-YlCCc6Wffkx0kHkmam79GKvDQ6x+QZkMjFGrIMxgFNILFvGSbCp2fCBC55pGTT9gVaz8Na5CLmxt/urtzRv36w==}
    hasBin: true
    requiresBuild: true
    dev: false
    optional: true

  /node-gyp-build-optional-packages@5.1.1:
    resolution: {integrity: sha512-+P72GAjVAbTxjjwUmwjVrqrdZROD4nf8KgpBoDxqXXTiYZZt/ud60dE5yvCSr9lRO8e8yv6kgJIC0K0PfZFVQw==}
    hasBin: true
    dependencies:
      detect-libc: 2.0.2
    dev: false

  /node-releases@2.0.14:
    resolution: {integrity: sha512-y10wOWt8yZpqXmOgRo77WaHEmhYQYGNA6y421PKsKYWEK8aW+cqAphborZDhqfyKrbZEN92CN1X2KbafY2s7Yw==}
    dev: false

  /nullthrows@1.1.1:
    resolution: {integrity: sha512-2vPPEi+Z7WqML2jZYddDIfy5Dqb0r2fze2zTxNNknZaFpVHU3mFB3R+DWeJWGVx0ecvttSGlJTI+WG+8Z4cDWw==}
    dev: false

  /ordered-binary@1.5.1:
    resolution: {integrity: sha512-5VyHfHY3cd0iza71JepYG50My+YUbrFtGoUz2ooEydPyPM7Aai/JW098juLr+RG6+rDJuzNNTsEQu2DZa1A41A==}
    dev: false

  /picocolors@1.0.0:
    resolution: {integrity: sha512-1fygroTLlHu66zi26VoTDv8yRgm0Fccecssto+MhsZ0D/DGW2sm8E8AjW7NU5VVTRt5GxbeZ5qBuJr+HyLYkjQ==}
    dev: false

  /picomatch@2.3.1:
    resolution: {integrity: sha512-JU3teHTNjmE2VCGFzuY8EXzCDVwEqB2a8fsIvwaStHhAWJEeVd1o1QD80CU6+ZdEXXSLbSsuLwJjkCBWqRQUVA==}
    engines: {node: '>=8.6'}
    dev: false

  /safe-buffer@5.2.1:
    resolution: {integrity: sha512-rp3So07KcdmmKbGvgaNxQSJr7bGVSVk5S9Eq1F+ppbRo70+YeaDxkw5Dd8NPN+GD6bjnYm2VuPuCXmpuYvmCXQ==}
    dev: false

  /semver@7.5.4:
    resolution: {integrity: sha512-1bCSESV6Pv+i21Hvpxp3Dx+pSD8lIPt8uVjRrxAUt/nbswYc+tK6Y2btiULjd4+fnq15PX+nqQDC7Oft7WkwcA==}
    engines: {node: '>=10'}
    hasBin: true
    dependencies:
      lru-cache: 6.0.0
    dev: false

  /supports-color@7.2.0:
    resolution: {integrity: sha512-qpCAvRl9stuOHveKsn7HncJRvv501qIacKzQlO/+Lwxc9+0q2wLyv4Dfvt80/DPn2pqOBsJdDiogXGR9+OvwRw==}
    engines: {node: '>=8'}
    dependencies:
      has-flag: 4.0.0
    dev: false

  /to-regex-range@5.0.1:
    resolution: {integrity: sha512-65P7iz6X5yEr1cwcgvQxbbIw7Uk3gOy5dIdtZ4rDveLqhrdJP+Li/Hx6tyK0NEb+2GCyneCMJiGqrADCSNk8sQ==}
    engines: {node: '>=8.0'}
    dependencies:
      is-number: 7.0.0
    dev: false

  /update-browserslist-db@1.0.13(browserslist@4.22.2):
    resolution: {integrity: sha512-xebP81SNcPuNpPP3uzeW1NYXxI3rxyJzF3pD6sH4jE7o/IX+WtSpwnVU+qIsDPyk0d3hmFQ7mjqc6AtV604hbg==}
    hasBin: true
    peerDependencies:
      browserslist: '>= 4.21.0'
    dependencies:
      browserslist: 4.22.2
      escalade: 3.1.1
      picocolors: 1.0.0
    dev: false

  /utility-types@3.10.0:
    resolution: {integrity: sha512-O11mqxmi7wMKCo6HKFt5AhO4BwY3VV68YU07tgxfz8zJTIxr4BpsezN49Ffwy9j3ZpwwJp4fkRwjRzq3uWE6Rg==}
    engines: {node: '>= 4'}
    dev: false

  /weak-lru-cache@1.2.2:
    resolution: {integrity: sha512-DEAoo25RfSYMuTGc9vPJzZcZullwIqRDSI9LOy+fkCJPi6hykCnfKaXTuPBDuXAUcqHXyOgFtHNp/kB2FjYHbw==}
    dev: false

  /yallist@4.0.0:
    resolution: {integrity: sha512-3wdGidZyq5PB084XLES5TpOSRA3wjXAlIWMhum2kRcv/41Sn2emQ0dycQW4uZXLejwKvg6EsvbdlVL+FYEct7A==}
    dev: false
